<?xml version="1.0" encoding="utf-8"?>
<Project ToolsVersion="4.0" xmlns="http://schemas.microsoft.com/developer/msbuild/2003">
  <ItemGroup>
    <Filter Include="gameEngine">
      <UniqueIdentifier>{F573CB98-E12B-0DE6-4A33-E641360AA8D6}</UniqueIdentifier>
    </Filter>
  </ItemGroup>
  <ItemGroup>
    <ClInclude Include="src\gameEngine.h" />
    <ClInclude Include="src\gameEngine\Aplication.h">
      <Filter>gameEngine</Filter>
    </ClInclude>
    <ClInclude Include="src\gameEngine\EnteryPoint.h">
      <Filter>gameEngine</Filter>
    </ClInclude>
    <ClInclude Include="src\gameEngine\Log.h">
      <Filter>gameEngine</Filter>
    </ClInclude>
    <ClInclude Include="src\gameEngine\core.h">
      <Filter>gameEngine</Filter>
    </ClInclude>
  </ItemGroup>
  <ItemGroup>
    <ClCompile Include="src\gameEngine\Aplication.cpp">
      <Filter>gameEngine</Filter>
    </ClCompile>
    <ClCompile Include="src\gameEngine\Log.cpp">
      <Filter>gameEngine</Filter>
    </ClCompile>
  </ItemGroup>
</Project>